// !$*UTF8*$!
{
	archiveVersion = 1;
	classes = {
	};
	objectVersion = 46;
	objects = {

/* Begin PBXBuildFile section */
		17124BF717B8829C009FF841 /* UIKit.framework in Frameworks */ = {isa = PBXBuildFile; fileRef = 17124BF617B8829C009FF841 /* UIKit.framework */; };
		17124BF917B8829C009FF841 /* Foundation.framework in Frameworks */ = {isa = PBXBuildFile; fileRef = 17124BF817B8829C009FF841 /* Foundation.framework */; };
		17124BFB17B8829C009FF841 /* CoreGraphics.framework in Frameworks */ = {isa = PBXBuildFile; fileRef = 17124BFA17B8829C009FF841 /* CoreGraphics.framework */; };
		17124C0117B8829C009FF841 /* InfoPlist.strings in Resources */ = {isa = PBXBuildFile; fileRef = 17124BFF17B8829C009FF841 /* InfoPlist.strings */; };
		17124C0317B8829C009FF841 /* main.m in Sources */ = {isa = PBXBuildFile; fileRef = 17124C0217B8829C009FF841 /* main.m */; };
		17124C0717B8829C009FF841 /* NPAppDelegate.m in Sources */ = {isa = PBXBuildFile; fileRef = 17124C0617B8829C009FF841 /* NPAppDelegate.m */; };
		17124C0917B8829C009FF841 /* Default.png in Resources */ = {isa = PBXBuildFile; fileRef = 17124C0817B8829C009FF841 /* Default.png */; };
		17124C0B17B8829C009FF841 /* Default@2x.png in Resources */ = {isa = PBXBuildFile; fileRef = 17124C0A17B8829C009FF841 /* Default@2x.png */; };
		17124C0D17B8829C009FF841 /* Default-568h@2x.png in Resources */ = {isa = PBXBuildFile; fileRef = 17124C0C17B8829C009FF841 /* Default-568h@2x.png */; };
		17124C1317B8829C009FF841 /* MainStoryboard_iPad.storyboard in Resources */ = {isa = PBXBuildFile; fileRef = 17124C1117B8829C009FF841 /* MainStoryboard_iPad.storyboard */; };
		171A39861805CB0E009FF8D5 /* XCTest.framework in Frameworks */ = {isa = PBXBuildFile; fileRef = 1768ED8E17E8820D00421E1F /* XCTest.framework */; };
		171A39871805CB0E009FF8D5 /* Foundation.framework in Frameworks */ = {isa = PBXBuildFile; fileRef = 17124BF817B8829C009FF841 /* Foundation.framework */; };
		171A39881805CB0E009FF8D5 /* UIKit.framework in Frameworks */ = {isa = PBXBuildFile; fileRef = 17124BF617B8829C009FF841 /* UIKit.framework */; };
		171A398E1805CB0E009FF8D5 /* InfoPlist.strings in Resources */ = {isa = PBXBuildFile; fileRef = 171A398C1805CB0E009FF8D5 /* InfoPlist.strings */; };
		171A39901805CB0E009FF8D5 /* AppSpec.m in Sources */ = {isa = PBXBuildFile; fileRef = 171A398F1805CB0E009FF8D5 /* AppSpec.m */; };
		174D1F1017B88467009F7B79 /* NPComposeViewController.m in Sources */ = {isa = PBXBuildFile; fileRef = 174D1ECB17B88467009F7B79 /* NPComposeViewController.m */; };
		174D1F1117B88467009F7B79 /* NPInitialViewController.m in Sources */ = {isa = PBXBuildFile; fileRef = 174D1ECD17B88467009F7B79 /* NPInitialViewController.m */; };
		174D1F1217B88467009F7B79 /* NPMessageTableViewController.m in Sources */ = {isa = PBXBuildFile; fileRef = 174D1ECF17B88467009F7B79 /* NPMessageTableViewController.m */; };
		174D1F1317B88467009F7B79 /* NPSettingsViewController.m in Sources */ = {isa = PBXBuildFile; fileRef = 174D1ED117B88467009F7B79 /* NPSettingsViewController.m */; };
		174D1F1417B88467009F7B79 /* NPSidebarViewController.m in Sources */ = {isa = PBXBuildFile; fileRef = 174D1ED317B88467009F7B79 /* NPSidebarViewController.m */; };
		174D1F1517B88467009F7B79 /* _NPDevice.m in Sources */ = {isa = PBXBuildFile; fileRef = 174D1ED617B88467009F7B79 /* _NPDevice.m */; };
		174D1F1617B88467009F7B79 /* _NPMessage.m in Sources */ = {isa = PBXBuildFile; fileRef = 174D1ED817B88467009F7B79 /* _NPMessage.m */; };
		174D1F1717B88467009F7B79 /* _NPToken.m in Sources */ = {isa = PBXBuildFile; fileRef = 174D1EDA17B88467009F7B79 /* _NPToken.m */; };
		174D1F1817B88467009F7B79 /* newspeak.xcdatamodeld in Sources */ = {isa = PBXBuildFile; fileRef = 174D1EDB17B88467009F7B79 /* newspeak.xcdatamodeld */; };
		174D1F1917B88467009F7B79 /* NPAPIClient.m in Sources */ = {isa = PBXBuildFile; fileRef = 174D1EDE17B88467009F7B79 /* NPAPIClient.m */; };
		174D1F1A17B88467009F7B79 /* NPCoreDataSingleton.m in Sources */ = {isa = PBXBuildFile; fileRef = 174D1EE017B88467009F7B79 /* NPCoreDataSingleton.m */; };
		174D1F1B17B88467009F7B79 /* NPDevice.m in Sources */ = {isa = PBXBuildFile; fileRef = 174D1EE217B88467009F7B79 /* NPDevice.m */; };
		174D1F1C17B88467009F7B79 /* NPIncrementalStore.m in Sources */ = {isa = PBXBuildFile; fileRef = 174D1EE417B88467009F7B79 /* NPIncrementalStore.m */; };
		174D1F1D17B88467009F7B79 /* NPMessage.m in Sources */ = {isa = PBXBuildFile; fileRef = 174D1EE617B88467009F7B79 /* NPMessage.m */; };
		174D1F1E17B88467009F7B79 /* NPToken.m in Sources */ = {isa = PBXBuildFile; fileRef = 174D1EE817B88467009F7B79 /* NPToken.m */; };
		174D1F3817B88467009F7B79 /* Settings.bundle in Resources */ = {isa = PBXBuildFile; fileRef = 174D1F0A17B88467009F7B79 /* Settings.bundle */; };
		174D1F3917B88467009F7B79 /* NPMessageCell.m in Sources */ = {isa = PBXBuildFile; fileRef = 174D1F0D17B88467009F7B79 /* NPMessageCell.m */; };
		174D1F3A17B88467009F7B79 /* UIColor+NPColor.m in Sources */ = {isa = PBXBuildFile; fileRef = 174D1F0F17B88467009F7B79 /* UIColor+NPColor.m */; };
		1768ED8F17E8820D00421E1F /* XCTest.framework in Frameworks */ = {isa = PBXBuildFile; fileRef = 1768ED8E17E8820D00421E1F /* XCTest.framework */; };
		1768ED9017E8820D00421E1F /* Foundation.framework in Frameworks */ = {isa = PBXBuildFile; fileRef = 17124BF817B8829C009FF841 /* Foundation.framework */; };
		1768ED9117E8820D00421E1F /* UIKit.framework in Frameworks */ = {isa = PBXBuildFile; fileRef = 17124BF617B8829C009FF841 /* UIKit.framework */; };
		1768ED9717E8820D00421E1F /* InfoPlist.strings in Resources */ = {isa = PBXBuildFile; fileRef = 1768ED9517E8820D00421E1F /* InfoPlist.strings */; };
		1768EDA117E8826B00421E1F /* NPAppDelegateSpec.m in Sources */ = {isa = PBXBuildFile; fileRef = 1768EDA017E8826B00421E1F /* NPAppDelegateSpec.m */; };
		177802A217E97F7700276C99 /* README.md in Resources */ = {isa = PBXBuildFile; fileRef = 177802A117E97F7700276C99 /* README.md */; };
		178290E617ECA0BF008ED357 /* Media.xcassets in Resources */ = {isa = PBXBuildFile; fileRef = 178290E517ECA0BF008ED357 /* Media.xcassets */; };
		178290EB17EDCC02008ED357 /* InterfaceBuilder.strings in Resources */ = {isa = PBXBuildFile; fileRef = 178290E717EDCC02008ED357 /* InterfaceBuilder.strings */; };
		178290EC17EDCC02008ED357 /* Localizable.strings in Resources */ = {isa = PBXBuildFile; fileRef = 178290E917EDCC02008ED357 /* Localizable.strings */; };
		178E767C17E8896700F127CF /* NPCoreDataSingletonSpec.m in Sources */ = {isa = PBXBuildFile; fileRef = 178E767B17E8896700F127CF /* NPCoreDataSingletonSpec.m */; };
		17B929AD17B891CC00ECFDC0 /* SystemConfiguration.framework in Frameworks */ = {isa = PBXBuildFile; fileRef = 17B929AB17B891C100ECFDC0 /* SystemConfiguration.framework */; };
		17B929AE17B891CC00ECFDC0 /* QuartzCore.framework in Frameworks */ = {isa = PBXBuildFile; fileRef = 17B929A917B891A800ECFDC0 /* QuartzCore.framework */; };
		17B929AF17B891CC00ECFDC0 /* CoreData.framework in Frameworks */ = {isa = PBXBuildFile; fileRef = 17B929A717B8919500ECFDC0 /* CoreData.framework */; };
		17BF6BD817B884D60048F675 /* MainStoryboard_iPhone.storyboard in Resources */ = {isa = PBXBuildFile; fileRef = 17BF6BD617B884D60048F675 /* MainStoryboard_iPhone.storyboard */; };
		26368D9F203F49B097755F6B /* libPods-UnitTests.a in Frameworks */ = {isa = PBXBuildFile; fileRef = 3484DA3A926F4886A2DA5EAD /* libPods-UnitTests.a */; };
		75C0698A7B014646A7A17CF2 /* libPods-IntegrationTests.a in Frameworks */ = {isa = PBXBuildFile; fileRef = FDD3867893FF4772A4A43CD3 /* libPods-IntegrationTests.a */; };
		76D578590C6D498484284312 /* libPods.a in Frameworks */ = {isa = PBXBuildFile; fileRef = 529C1D4E2173428BA4BBD7E2 /* libPods.a */; };
/* End PBXBuildFile section */

/* Begin PBXContainerItemProxy section */
		171A39921805CB0E009FF8D5 /* PBXContainerItemProxy */ = {
			isa = PBXContainerItemProxy;
			containerPortal = 17124BEB17B8829C009FF841 /* Project object */;
			proxyType = 1;
			remoteGlobalIDString = 17124BF217B8829C009FF841;
			remoteInfo = Newspeak;
		};
		1768ED9B17E8820D00421E1F /* PBXContainerItemProxy */ = {
			isa = PBXContainerItemProxy;
			containerPortal = 17124BEB17B8829C009FF841 /* Project object */;
			proxyType = 1;
			remoteGlobalIDString = 17124BF217B8829C009FF841;
			remoteInfo = Newspeak;
		};
/* End PBXContainerItemProxy section */

/* Begin PBXFileReference section */
		17124BF317B8829C009FF841 /* Newspeak.app */ = {isa = PBXFileReference; explicitFileType = wrapper.application; includeInIndex = 0; path = Newspeak.app; sourceTree = BUILT_PRODUCTS_DIR; };
		17124BF617B8829C009FF841 /* UIKit.framework */ = {isa = PBXFileReference; lastKnownFileType = wrapper.framework; name = UIKit.framework; path = System/Library/Frameworks/UIKit.framework; sourceTree = SDKROOT; };
		17124BF817B8829C009FF841 /* Foundation.framework */ = {isa = PBXFileReference; lastKnownFileType = wrapper.framework; name = Foundation.framework; path = System/Library/Frameworks/Foundation.framework; sourceTree = SDKROOT; };
		17124BFA17B8829C009FF841 /* CoreGraphics.framework */ = {isa = PBXFileReference; lastKnownFileType = wrapper.framework; name = CoreGraphics.framework; path = System/Library/Frameworks/CoreGraphics.framework; sourceTree = SDKROOT; };
		17124BFE17B8829C009FF841 /* Newspeak-Info.plist */ = {isa = PBXFileReference; lastKnownFileType = text.plist.xml; path = "Newspeak-Info.plist"; sourceTree = "<group>"; };
		17124C0017B8829C009FF841 /* en */ = {isa = PBXFileReference; lastKnownFileType = text.plist.strings; name = en; path = en.lproj/InfoPlist.strings; sourceTree = "<group>"; };
		17124C0217B8829C009FF841 /* main.m */ = {isa = PBXFileReference; lastKnownFileType = sourcecode.c.objc; lineEnding = 0; path = main.m; sourceTree = "<group>"; xcLanguageSpecificationIdentifier = xcode.lang.objc; };
		17124C0417B8829C009FF841 /* Newspeak-Prefix.pch */ = {isa = PBXFileReference; lastKnownFileType = sourcecode.c.h; lineEnding = 0; path = "Newspeak-Prefix.pch"; sourceTree = "<group>"; xcLanguageSpecificationIdentifier = xcode.lang.objc; };
		17124C0517B8829C009FF841 /* NPAppDelegate.h */ = {isa = PBXFileReference; lastKnownFileType = sourcecode.c.h; lineEnding = 0; path = NPAppDelegate.h; sourceTree = "<group>"; xcLanguageSpecificationIdentifier = xcode.lang.objcpp; };
		17124C0617B8829C009FF841 /* NPAppDelegate.m */ = {isa = PBXFileReference; lastKnownFileType = sourcecode.c.objc; lineEnding = 0; path = NPAppDelegate.m; sourceTree = "<group>"; xcLanguageSpecificationIdentifier = xcode.lang.objc; };
		17124C0817B8829C009FF841 /* Default.png */ = {isa = PBXFileReference; lastKnownFileType = image.png; path = Default.png; sourceTree = "<group>"; };
		17124C0A17B8829C009FF841 /* Default@2x.png */ = {isa = PBXFileReference; lastKnownFileType = image.png; path = "Default@2x.png"; sourceTree = "<group>"; };
		17124C0C17B8829C009FF841 /* Default-568h@2x.png */ = {isa = PBXFileReference; lastKnownFileType = image.png; path = "Default-568h@2x.png"; sourceTree = "<group>"; };
		17124C1217B8829C009FF841 /* en */ = {isa = PBXFileReference; lastKnownFileType = file.storyboard; name = en; path = en.lproj/MainStoryboard_iPad.storyboard; sourceTree = "<group>"; };
		171A39851805CB0E009FF8D5 /* IntegrationTests.xctest */ = {isa = PBXFileReference; explicitFileType = wrapper.cfbundle; includeInIndex = 0; path = IntegrationTests.xctest; sourceTree = BUILT_PRODUCTS_DIR; };
		171A398B1805CB0E009FF8D5 /* IntegrationTests-Info.plist */ = {isa = PBXFileReference; lastKnownFileType = text.plist.xml; path = "IntegrationTests-Info.plist"; sourceTree = "<group>"; };
		171A398D1805CB0E009FF8D5 /* en */ = {isa = PBXFileReference; lastKnownFileType = text.plist.strings; name = en; path = en.lproj/InfoPlist.strings; sourceTree = "<group>"; };
		171A398F1805CB0E009FF8D5 /* AppSpec.m */ = {isa = PBXFileReference; lastKnownFileType = sourcecode.c.objc; path = AppSpec.m; sourceTree = "<group>"; };
		171A39911805CB0E009FF8D5 /* IntegrationTests-Prefix.pch */ = {isa = PBXFileReference; lastKnownFileType = sourcecode.c.h; path = "IntegrationTests-Prefix.pch"; sourceTree = "<group>"; };
		174D1ECA17B88467009F7B79 /* NPComposeViewController.h */ = {isa = PBXFileReference; fileEncoding = 4; lastKnownFileType = sourcecode.c.h; lineEnding = 0; path = NPComposeViewController.h; sourceTree = "<group>"; xcLanguageSpecificationIdentifier = xcode.lang.objcpp; };
		174D1ECB17B88467009F7B79 /* NPComposeViewController.m */ = {isa = PBXFileReference; fileEncoding = 4; lastKnownFileType = sourcecode.c.objc; lineEnding = 0; path = NPComposeViewController.m; sourceTree = "<group>"; xcLanguageSpecificationIdentifier = xcode.lang.objc; };
		174D1ECC17B88467009F7B79 /* NPInitialViewController.h */ = {isa = PBXFileReference; fileEncoding = 4; lastKnownFileType = sourcecode.c.h; lineEnding = 0; path = NPInitialViewController.h; sourceTree = "<group>"; xcLanguageSpecificationIdentifier = xcode.lang.objcpp; };
		174D1ECD17B88467009F7B79 /* NPInitialViewController.m */ = {isa = PBXFileReference; fileEncoding = 4; lastKnownFileType = sourcecode.c.objc; lineEnding = 0; path = NPInitialViewController.m; sourceTree = "<group>"; xcLanguageSpecificationIdentifier = xcode.lang.objc; };
		174D1ECE17B88467009F7B79 /* NPMessageTableViewController.h */ = {isa = PBXFileReference; fileEncoding = 4; lastKnownFileType = sourcecode.c.h; lineEnding = 0; path = NPMessageTableViewController.h; sourceTree = "<group>"; xcLanguageSpecificationIdentifier = xcode.lang.objcpp; };
		174D1ECF17B88467009F7B79 /* NPMessageTableViewController.m */ = {isa = PBXFileReference; fileEncoding = 4; lastKnownFileType = sourcecode.c.objc; lineEnding = 0; path = NPMessageTableViewController.m; sourceTree = "<group>"; xcLanguageSpecificationIdentifier = xcode.lang.objc; };
		174D1ED017B88467009F7B79 /* NPSettingsViewController.h */ = {isa = PBXFileReference; fileEncoding = 4; lastKnownFileType = sourcecode.c.h; lineEnding = 0; path = NPSettingsViewController.h; sourceTree = "<group>"; xcLanguageSpecificationIdentifier = xcode.lang.objcpp; };
		174D1ED117B88467009F7B79 /* NPSettingsViewController.m */ = {isa = PBXFileReference; fileEncoding = 4; lastKnownFileType = sourcecode.c.objc; lineEnding = 0; path = NPSettingsViewController.m; sourceTree = "<group>"; xcLanguageSpecificationIdentifier = xcode.lang.objc; };
		174D1ED217B88467009F7B79 /* NPSidebarViewController.h */ = {isa = PBXFileReference; fileEncoding = 4; lastKnownFileType = sourcecode.c.h; lineEnding = 0; path = NPSidebarViewController.h; sourceTree = "<group>"; xcLanguageSpecificationIdentifier = xcode.lang.objcpp; };
		174D1ED317B88467009F7B79 /* NPSidebarViewController.m */ = {isa = PBXFileReference; fileEncoding = 4; lastKnownFileType = sourcecode.c.objc; lineEnding = 0; path = NPSidebarViewController.m; sourceTree = "<group>"; xcLanguageSpecificationIdentifier = xcode.lang.objc; };
		174D1ED517B88467009F7B79 /* _NPDevice.h */ = {isa = PBXFileReference; fileEncoding = 4; lastKnownFileType = sourcecode.c.h; lineEnding = 0; path = _NPDevice.h; sourceTree = "<group>"; xcLanguageSpecificationIdentifier = xcode.lang.objcpp; };
		174D1ED617B88467009F7B79 /* _NPDevice.m */ = {isa = PBXFileReference; fileEncoding = 4; lastKnownFileType = sourcecode.c.objc; lineEnding = 0; path = _NPDevice.m; sourceTree = "<group>"; xcLanguageSpecificationIdentifier = xcode.lang.objc; };
		174D1ED717B88467009F7B79 /* _NPMessage.h */ = {isa = PBXFileReference; fileEncoding = 4; lastKnownFileType = sourcecode.c.h; lineEnding = 0; path = _NPMessage.h; sourceTree = "<group>"; xcLanguageSpecificationIdentifier = xcode.lang.objcpp; };
		174D1ED817B88467009F7B79 /* _NPMessage.m */ = {isa = PBXFileReference; fileEncoding = 4; lastKnownFileType = sourcecode.c.objc; lineEnding = 0; path = _NPMessage.m; sourceTree = "<group>"; xcLanguageSpecificationIdentifier = xcode.lang.objc; };
		174D1ED917B88467009F7B79 /* _NPToken.h */ = {isa = PBXFileReference; fileEncoding = 4; lastKnownFileType = sourcecode.c.h; path = _NPToken.h; sourceTree = "<group>"; };
		174D1EDA17B88467009F7B79 /* _NPToken.m */ = {isa = PBXFileReference; fileEncoding = 4; lastKnownFileType = sourcecode.c.objc; lineEnding = 0; path = _NPToken.m; sourceTree = "<group>"; xcLanguageSpecificationIdentifier = xcode.lang.objc; };
		174D1EDC17B88467009F7B79 /* newspeak.xcdatamodel */ = {isa = PBXFileReference; lastKnownFileType = wrapper.xcdatamodel; path = newspeak.xcdatamodel; sourceTree = "<group>"; };
		174D1EDD17B88467009F7B79 /* NPAPIClient.h */ = {isa = PBXFileReference; fileEncoding = 4; lastKnownFileType = sourcecode.c.h; lineEnding = 0; path = NPAPIClient.h; sourceTree = "<group>"; xcLanguageSpecificationIdentifier = xcode.lang.objcpp; };
		174D1EDE17B88467009F7B79 /* NPAPIClient.m */ = {isa = PBXFileReference; fileEncoding = 4; lastKnownFileType = sourcecode.c.objc; lineEnding = 0; path = NPAPIClient.m; sourceTree = "<group>"; xcLanguageSpecificationIdentifier = xcode.lang.objc; };
		174D1EDF17B88467009F7B79 /* NPCoreDataSingleton.h */ = {isa = PBXFileReference; fileEncoding = 4; lastKnownFileType = sourcecode.c.h; lineEnding = 0; path = NPCoreDataSingleton.h; sourceTree = "<group>"; xcLanguageSpecificationIdentifier = xcode.lang.objcpp; };
		174D1EE017B88467009F7B79 /* NPCoreDataSingleton.m */ = {isa = PBXFileReference; fileEncoding = 4; lastKnownFileType = sourcecode.c.objc; lineEnding = 0; path = NPCoreDataSingleton.m; sourceTree = "<group>"; xcLanguageSpecificationIdentifier = xcode.lang.objc; };
		174D1EE117B88467009F7B79 /* NPDevice.h */ = {isa = PBXFileReference; fileEncoding = 4; lastKnownFileType = sourcecode.c.h; lineEnding = 0; path = NPDevice.h; sourceTree = "<group>"; xcLanguageSpecificationIdentifier = xcode.lang.objcpp; };
		174D1EE217B88467009F7B79 /* NPDevice.m */ = {isa = PBXFileReference; fileEncoding = 4; lastKnownFileType = sourcecode.c.objc; lineEnding = 0; path = NPDevice.m; sourceTree = "<group>"; xcLanguageSpecificationIdentifier = xcode.lang.objc; };
		174D1EE317B88467009F7B79 /* NPIncrementalStore.h */ = {isa = PBXFileReference; fileEncoding = 4; lastKnownFileType = sourcecode.c.h; lineEnding = 0; path = NPIncrementalStore.h; sourceTree = "<group>"; xcLanguageSpecificationIdentifier = xcode.lang.objcpp; };
		174D1EE417B88467009F7B79 /* NPIncrementalStore.m */ = {isa = PBXFileReference; fileEncoding = 4; lastKnownFileType = sourcecode.c.objc; lineEnding = 0; path = NPIncrementalStore.m; sourceTree = "<group>"; xcLanguageSpecificationIdentifier = xcode.lang.objc; };
		174D1EE517B88467009F7B79 /* NPMessage.h */ = {isa = PBXFileReference; fileEncoding = 4; lastKnownFileType = sourcecode.c.h; path = NPMessage.h; sourceTree = "<group>"; };
		174D1EE617B88467009F7B79 /* NPMessage.m */ = {isa = PBXFileReference; fileEncoding = 4; lastKnownFileType = sourcecode.c.objc; path = NPMessage.m; sourceTree = "<group>"; };
		174D1EE717B88467009F7B79 /* NPToken.h */ = {isa = PBXFileReference; fileEncoding = 4; lastKnownFileType = sourcecode.c.h; lineEnding = 0; path = NPToken.h; sourceTree = "<group>"; xcLanguageSpecificationIdentifier = xcode.lang.objcpp; };
		174D1EE817B88467009F7B79 /* NPToken.m */ = {isa = PBXFileReference; fileEncoding = 4; lastKnownFileType = sourcecode.c.objc; path = NPToken.m; sourceTree = "<group>"; };
		174D1F0A17B88467009F7B79 /* Settings.bundle */ = {isa = PBXFileReference; lastKnownFileType = "wrapper.plug-in"; path = Settings.bundle; sourceTree = "<group>"; };
		174D1F0C17B88467009F7B79 /* NPMessageCell.h */ = {isa = PBXFileReference; fileEncoding = 4; lastKnownFileType = sourcecode.c.h; lineEnding = 0; path = NPMessageCell.h; sourceTree = "<group>"; xcLanguageSpecificationIdentifier = xcode.lang.objcpp; };
		174D1F0D17B88467009F7B79 /* NPMessageCell.m */ = {isa = PBXFileReference; fileEncoding = 4; lastKnownFileType = sourcecode.c.objc; lineEnding = 0; path = NPMessageCell.m; sourceTree = "<group>"; xcLanguageSpecificationIdentifier = xcode.lang.objc; };
		174D1F0E17B88467009F7B79 /* UIColor+NPColor.h */ = {isa = PBXFileReference; fileEncoding = 4; lastKnownFileType = sourcecode.c.h; lineEnding = 0; path = "UIColor+NPColor.h"; sourceTree = "<group>"; xcLanguageSpecificationIdentifier = xcode.lang.objcpp; };
		174D1F0F17B88467009F7B79 /* UIColor+NPColor.m */ = {isa = PBXFileReference; fileEncoding = 4; lastKnownFileType = sourcecode.c.objc; lineEnding = 0; path = "UIColor+NPColor.m"; sourceTree = "<group>"; xcLanguageSpecificationIdentifier = xcode.lang.objc; };
		1768ED8D17E8820D00421E1F /* UnitTests.xctest */ = {isa = PBXFileReference; explicitFileType = wrapper.cfbundle; includeInIndex = 0; path = UnitTests.xctest; sourceTree = BUILT_PRODUCTS_DIR; };
		1768ED8E17E8820D00421E1F /* XCTest.framework */ = {isa = PBXFileReference; lastKnownFileType = wrapper.framework; name = XCTest.framework; path = Library/Frameworks/XCTest.framework; sourceTree = DEVELOPER_DIR; };
		1768ED9417E8820D00421E1F /* UnitTests-Info.plist */ = {isa = PBXFileReference; lastKnownFileType = text.plist.xml; path = "UnitTests-Info.plist"; sourceTree = "<group>"; };
		1768ED9617E8820D00421E1F /* en */ = {isa = PBXFileReference; lastKnownFileType = text.plist.strings; name = en; path = en.lproj/InfoPlist.strings; sourceTree = "<group>"; };
		1768ED9A17E8820D00421E1F /* UnitTests-Prefix.pch */ = {isa = PBXFileReference; lastKnownFileType = sourcecode.c.h; path = "UnitTests-Prefix.pch"; sourceTree = "<group>"; };
		1768EDA017E8826B00421E1F /* NPAppDelegateSpec.m */ = {isa = PBXFileReference; fileEncoding = 4; lastKnownFileType = sourcecode.c.objc; path = NPAppDelegateSpec.m; sourceTree = "<group>"; };
		177802A117E97F7700276C99 /* README.md */ = {isa = PBXFileReference; fileEncoding = 4; lastKnownFileType = text; path = README.md; sourceTree = "<group>"; };
		178290E517ECA0BF008ED357 /* Media.xcassets */ = {isa = PBXFileReference; lastKnownFileType = folder.assetcatalog; path = Media.xcassets; sourceTree = "<group>"; };
		178290E817EDCC02008ED357 /* en */ = {isa = PBXFileReference; lastKnownFileType = text.plist.strings; name = en; path = Newspeak/en.lproj/InterfaceBuilder.strings; sourceTree = SOURCE_ROOT; };
		178290EA17EDCC02008ED357 /* en */ = {isa = PBXFileReference; lastKnownFileType = text.plist.strings; name = en; path = Newspeak/en.lproj/Localizable.strings; sourceTree = SOURCE_ROOT; };
		178E767B17E8896700F127CF /* NPCoreDataSingletonSpec.m */ = {isa = PBXFileReference; fileEncoding = 4; lastKnownFileType = sourcecode.c.objc; path = NPCoreDataSingletonSpec.m; sourceTree = "<group>"; };
		17B929A717B8919500ECFDC0 /* CoreData.framework */ = {isa = PBXFileReference; lastKnownFileType = wrapper.framework; name = CoreData.framework; path = System/Library/Frameworks/CoreData.framework; sourceTree = SDKROOT; };
		17B929A917B891A800ECFDC0 /* QuartzCore.framework */ = {isa = PBXFileReference; lastKnownFileType = wrapper.framework; name = QuartzCore.framework; path = System/Library/Frameworks/QuartzCore.framework; sourceTree = SDKROOT; };
		17B929AB17B891C100ECFDC0 /* SystemConfiguration.framework */ = {isa = PBXFileReference; lastKnownFileType = wrapper.framework; name = SystemConfiguration.framework; path = System/Library/Frameworks/SystemConfiguration.framework; sourceTree = SDKROOT; };
		17BF6BD717B884D60048F675 /* en */ = {isa = PBXFileReference; lastKnownFileType = file.storyboard; name = en; path = en.lproj/MainStoryboard_iPhone.storyboard; sourceTree = "<group>"; };
		1CDC7CC1EAF7414D818EEE1F /* Pods.xcconfig */ = {isa = PBXFileReference; includeInIndex = 1; lastKnownFileType = text.xcconfig; name = Pods.xcconfig; path = Pods/Pods.xcconfig; sourceTree = SOURCE_ROOT; };
		1F0BCE02063E49A2916A7A71 /* Pods-UnitTests.xcconfig */ = {isa = PBXFileReference; includeInIndex = 1; lastKnownFileType = text.xcconfig; name = "Pods-UnitTests.xcconfig"; path = "Pods/Pods-UnitTests.xcconfig"; sourceTree = "<group>"; };
		3484DA3A926F4886A2DA5EAD /* libPods-UnitTests.a */ = {isa = PBXFileReference; explicitFileType = archive.ar; includeInIndex = 0; path = "libPods-UnitTests.a"; sourceTree = BUILT_PRODUCTS_DIR; };
		529C1D4E2173428BA4BBD7E2 /* libPods.a */ = {isa = PBXFileReference; explicitFileType = archive.ar; includeInIndex = 0; path = libPods.a; sourceTree = BUILT_PRODUCTS_DIR; };
		584205D7A9AB42DCA1029D91 /* Pods-IntegrationTests.xcconfig */ = {isa = PBXFileReference; includeInIndex = 1; lastKnownFileType = text.xcconfig; name = "Pods-IntegrationTests.xcconfig"; path = "Pods/Pods-IntegrationTests.xcconfig"; sourceTree = "<group>"; };
		FDD3867893FF4772A4A43CD3 /* libPods-IntegrationTests.a */ = {isa = PBXFileReference; explicitFileType = archive.ar; includeInIndex = 0; path = "libPods-IntegrationTests.a"; sourceTree = BUILT_PRODUCTS_DIR; };
/* End PBXFileReference section */

/* Begin PBXFrameworksBuildPhase section */
		17124BF017B8829C009FF841 /* Frameworks */ = {
			isa = PBXFrameworksBuildPhase;
			buildActionMask = 2147483647;
			files = (
				17B929AD17B891CC00ECFDC0 /* SystemConfiguration.framework in Frameworks */,
				17B929AE17B891CC00ECFDC0 /* QuartzCore.framework in Frameworks */,
				17B929AF17B891CC00ECFDC0 /* CoreData.framework in Frameworks */,
				17124BF717B8829C009FF841 /* UIKit.framework in Frameworks */,
				17124BF917B8829C009FF841 /* Foundation.framework in Frameworks */,
				17124BFB17B8829C009FF841 /* CoreGraphics.framework in Frameworks */,
				76D578590C6D498484284312 /* libPods.a in Frameworks */,
			);
			runOnlyForDeploymentPostprocessing = 0;
		};
		171A39821805CB0E009FF8D5 /* Frameworks */ = {
			isa = PBXFrameworksBuildPhase;
			buildActionMask = 2147483647;
			files = (
				171A39861805CB0E009FF8D5 /* XCTest.framework in Frameworks */,
				171A39881805CB0E009FF8D5 /* UIKit.framework in Frameworks */,
				171A39871805CB0E009FF8D5 /* Foundation.framework in Frameworks */,
				75C0698A7B014646A7A17CF2 /* libPods-IntegrationTests.a in Frameworks */,
			);
			runOnlyForDeploymentPostprocessing = 0;
		};
		1768ED8A17E8820D00421E1F /* Frameworks */ = {
			isa = PBXFrameworksBuildPhase;
			buildActionMask = 2147483647;
			files = (
				1768ED8F17E8820D00421E1F /* XCTest.framework in Frameworks */,
				1768ED9117E8820D00421E1F /* UIKit.framework in Frameworks */,
				1768ED9017E8820D00421E1F /* Foundation.framework in Frameworks */,
				26368D9F203F49B097755F6B /* libPods-UnitTests.a in Frameworks */,
			);
			runOnlyForDeploymentPostprocessing = 0;
		};
/* End PBXFrameworksBuildPhase section */

/* Begin PBXGroup section */
		17124BEA17B8829C009FF841 = {
			isa = PBXGroup;
			children = (
				177802A117E97F7700276C99 /* README.md */,
				17124BFC17B8829C009FF841 /* Newspeak */,
				1768ED9217E8820D00421E1F /* UnitTests */,
				171A39891805CB0E009FF8D5 /* IntegrationTests */,
				17124BF517B8829C009FF841 /* Frameworks */,
				17124BF417B8829C009FF841 /* Products */,
				1CDC7CC1EAF7414D818EEE1F /* Pods.xcconfig */,
				1F0BCE02063E49A2916A7A71 /* Pods-UnitTests.xcconfig */,
				584205D7A9AB42DCA1029D91 /* Pods-IntegrationTests.xcconfig */,
			);
			sourceTree = "<group>";
		};
		17124BF417B8829C009FF841 /* Products */ = {
			isa = PBXGroup;
			children = (
				17124BF317B8829C009FF841 /* Newspeak.app */,
				1768ED8D17E8820D00421E1F /* UnitTests.xctest */,
				171A39851805CB0E009FF8D5 /* IntegrationTests.xctest */,
			);
			name = Products;
			sourceTree = "<group>";
		};
		17124BF517B8829C009FF841 /* Frameworks */ = {
			isa = PBXGroup;
			children = (
				17B929AB17B891C100ECFDC0 /* SystemConfiguration.framework */,
				17B929A917B891A800ECFDC0 /* QuartzCore.framework */,
				17B929A717B8919500ECFDC0 /* CoreData.framework */,
				17124BF617B8829C009FF841 /* UIKit.framework */,
				17124BF817B8829C009FF841 /* Foundation.framework */,
				17124BFA17B8829C009FF841 /* CoreGraphics.framework */,
				1768ED8E17E8820D00421E1F /* XCTest.framework */,
				529C1D4E2173428BA4BBD7E2 /* libPods.a */,
				3484DA3A926F4886A2DA5EAD /* libPods-UnitTests.a */,
				FDD3867893FF4772A4A43CD3 /* libPods-IntegrationTests.a */,
			);
			name = Frameworks;
			sourceTree = "<group>";
		};
		17124BFC17B8829C009FF841 /* Newspeak */ = {
			isa = PBXGroup;
			children = (
				174D1ED417B88467009F7B79 /* Models */,
				174D1EC917B88467009F7B79 /* Controllers */,
				174D1F0B17B88467009F7B79 /* Views */,
				174D1EE917B88467009F7B79 /* Resources */,
				17124C0517B8829C009FF841 /* NPAppDelegate.h */,
				17124C0617B8829C009FF841 /* NPAppDelegate.m */,
				17BF6BD617B884D60048F675 /* MainStoryboard_iPhone.storyboard */,
				17124C1117B8829C009FF841 /* MainStoryboard_iPad.storyboard */,
				17124BFD17B8829C009FF841 /* Supporting Files */,
			);
			path = Newspeak;
			sourceTree = "<group>";
		};
		17124BFD17B8829C009FF841 /* Supporting Files */ = {
			isa = PBXGroup;
			children = (
				17124BFE17B8829C009FF841 /* Newspeak-Info.plist */,
				17124BFF17B8829C009FF841 /* InfoPlist.strings */,
				17124C0217B8829C009FF841 /* main.m */,
				17124C0417B8829C009FF841 /* Newspeak-Prefix.pch */,
				17124C0817B8829C009FF841 /* Default.png */,
				17124C0A17B8829C009FF841 /* Default@2x.png */,
				17124C0C17B8829C009FF841 /* Default-568h@2x.png */,
			);
			name = "Supporting Files";
			sourceTree = "<group>";
		};
		171A39891805CB0E009FF8D5 /* IntegrationTests */ = {
			isa = PBXGroup;
			children = (
				171A398F1805CB0E009FF8D5 /* AppSpec.m */,
				171A398A1805CB0E009FF8D5 /* Supporting Files */,
			);
			path = IntegrationTests;
			sourceTree = "<group>";
		};
		171A398A1805CB0E009FF8D5 /* Supporting Files */ = {
			isa = PBXGroup;
			children = (
				171A398B1805CB0E009FF8D5 /* IntegrationTests-Info.plist */,
				171A398C1805CB0E009FF8D5 /* InfoPlist.strings */,
				171A39911805CB0E009FF8D5 /* IntegrationTests-Prefix.pch */,
			);
			name = "Supporting Files";
			sourceTree = "<group>";
		};
		174D1EC917B88467009F7B79 /* Controllers */ = {
			isa = PBXGroup;
			children = (
				174D1ECC17B88467009F7B79 /* NPInitialViewController.h */,
				174D1ECD17B88467009F7B79 /* NPInitialViewController.m */,
				174D1ED217B88467009F7B79 /* NPSidebarViewController.h */,
				174D1ED317B88467009F7B79 /* NPSidebarViewController.m */,
				174D1ECE17B88467009F7B79 /* NPMessageTableViewController.h */,
				174D1ECF17B88467009F7B79 /* NPMessageTableViewController.m */,
				174D1ECA17B88467009F7B79 /* NPComposeViewController.h */,
				174D1ECB17B88467009F7B79 /* NPComposeViewController.m */,
				174D1ED017B88467009F7B79 /* NPSettingsViewController.h */,
				174D1ED117B88467009F7B79 /* NPSettingsViewController.m */,
			);
			path = Controllers;
			sourceTree = "<group>";
		};
		174D1ED417B88467009F7B79 /* Models */ = {
			isa = PBXGroup;
			children = (
				174D1EDB17B88467009F7B79 /* newspeak.xcdatamodeld */,
				174D1ED517B88467009F7B79 /* _NPDevice.h */,
				174D1ED617B88467009F7B79 /* _NPDevice.m */,
				174D1ED717B88467009F7B79 /* _NPMessage.h */,
				174D1ED817B88467009F7B79 /* _NPMessage.m */,
				174D1ED917B88467009F7B79 /* _NPToken.h */,
				174D1EDA17B88467009F7B79 /* _NPToken.m */,
				174D1EE117B88467009F7B79 /* NPDevice.h */,
				174D1EE217B88467009F7B79 /* NPDevice.m */,
				174D1EE517B88467009F7B79 /* NPMessage.h */,
				174D1EE617B88467009F7B79 /* NPMessage.m */,
				174D1EE717B88467009F7B79 /* NPToken.h */,
				174D1EE817B88467009F7B79 /* NPToken.m */,
				174D1EDF17B88467009F7B79 /* NPCoreDataSingleton.h */,
				174D1EE017B88467009F7B79 /* NPCoreDataSingleton.m */,
				174D1EDD17B88467009F7B79 /* NPAPIClient.h */,
				174D1EDE17B88467009F7B79 /* NPAPIClient.m */,
				174D1EE317B88467009F7B79 /* NPIncrementalStore.h */,
				174D1EE417B88467009F7B79 /* NPIncrementalStore.m */,
			);
			path = Models;
			sourceTree = "<group>";
		};
		174D1EE917B88467009F7B79 /* Resources */ = {
			isa = PBXGroup;
			children = (
				178290ED17EDCC09008ED357 /* en.lproj */,
				178290E517ECA0BF008ED357 /* Media.xcassets */,
				174D1F0A17B88467009F7B79 /* Settings.bundle */,
			);
			path = Resources;
			sourceTree = "<group>";
		};
		174D1F0B17B88467009F7B79 /* Views */ = {
			isa = PBXGroup;
			children = (
				174D1F0C17B88467009F7B79 /* NPMessageCell.h */,
				174D1F0D17B88467009F7B79 /* NPMessageCell.m */,
				174D1F0E17B88467009F7B79 /* UIColor+NPColor.h */,
				174D1F0F17B88467009F7B79 /* UIColor+NPColor.m */,
			);
			path = Views;
			sourceTree = "<group>";
		};
		1768ED9217E8820D00421E1F /* UnitTests */ = {
			isa = PBXGroup;
			children = (
				1768EDA017E8826B00421E1F /* NPAppDelegateSpec.m */,
				178E767B17E8896700F127CF /* NPCoreDataSingletonSpec.m */,
				1768ED9317E8820D00421E1F /* Supporting Files */,
			);
			path = UnitTests;
			sourceTree = "<group>";
		};
		1768ED9317E8820D00421E1F /* Supporting Files */ = {
			isa = PBXGroup;
			children = (
				1768ED9417E8820D00421E1F /* UnitTests-Info.plist */,
				1768ED9517E8820D00421E1F /* InfoPlist.strings */,
				1768ED9A17E8820D00421E1F /* UnitTests-Prefix.pch */,
			);
			name = "Supporting Files";
			sourceTree = "<group>";
		};
		178290ED17EDCC09008ED357 /* en.lproj */ = {
			isa = PBXGroup;
			children = (
				178290E717EDCC02008ED357 /* InterfaceBuilder.strings */,
				178290E917EDCC02008ED357 /* Localizable.strings */,
			);
			name = en.lproj;
			sourceTree = "<group>";
		};
/* End PBXGroup section */

/* Begin PBXNativeTarget section */
		17124BF217B8829C009FF841 /* Newspeak */ = {
			isa = PBXNativeTarget;
			buildConfigurationList = 17124C1917B8829C009FF841 /* Build configuration list for PBXNativeTarget "Newspeak" */;
			buildPhases = (
				0356756B9E2741C89D5BA245 /* Check Pods Manifest.lock */,
				17124BEF17B8829C009FF841 /* Sources */,
				17124BF017B8829C009FF841 /* Frameworks */,
				17124BF117B8829C009FF841 /* Resources */,
				B0A9A8D30A04408398A9AD28 /* Copy Pods Resources */,
			);
			buildRules = (
			);
			dependencies = (
			);
			name = Newspeak;
			productName = Newspeak;
			productReference = 17124BF317B8829C009FF841 /* Newspeak.app */;
			productType = "com.apple.product-type.application";
		};
		171A39841805CB0E009FF8D5 /* IntegrationTests */ = {
			isa = PBXNativeTarget;
			buildConfigurationList = 171A39941805CB0E009FF8D5 /* Build configuration list for PBXNativeTarget "IntegrationTests" */;
			buildPhases = (
				2F2B75B1C26844089C03CA74 /* Check Pods Manifest.lock */,
				171A39811805CB0E009FF8D5 /* Sources */,
				171A39821805CB0E009FF8D5 /* Frameworks */,
				171A39831805CB0E009FF8D5 /* Resources */,
				EF2AA723AACF406B9CF24B29 /* Copy Pods Resources */,
			);
			buildRules = (
			);
			dependencies = (
				171A39931805CB0E009FF8D5 /* PBXTargetDependency */,
			);
			name = IntegrationTests;
			productName = IntegrationTests;
			productReference = 171A39851805CB0E009FF8D5 /* IntegrationTests.xctest */;
			productType = "com.apple.product-type.bundle.unit-test";
		};
		1768ED8C17E8820D00421E1F /* UnitTests */ = {
			isa = PBXNativeTarget;
			buildConfigurationList = 1768ED9F17E8820D00421E1F /* Build configuration list for PBXNativeTarget "UnitTests" */;
			buildPhases = (
				DD7B02856615437DB0FC7B87 /* Check Pods Manifest.lock */,
				1768ED8917E8820D00421E1F /* Sources */,
				1768ED8A17E8820D00421E1F /* Frameworks */,
				1768ED8B17E8820D00421E1F /* Resources */,
				7FCC4C077A9843CA93983EB9 /* Copy Pods Resources */,
			);
			buildRules = (
			);
			dependencies = (
				1768ED9C17E8820D00421E1F /* PBXTargetDependency */,
			);
			name = UnitTests;
			productName = UnitTests;
			productReference = 1768ED8D17E8820D00421E1F /* UnitTests.xctest */;
			productType = "com.apple.product-type.bundle.unit-test";
		};
/* End PBXNativeTarget section */

/* Begin PBXProject section */
		17124BEB17B8829C009FF841 /* Project object */ = {
			isa = PBXProject;
			attributes = {
				CLASSPREFIX = NP;
				LastUpgradeCheck = 0460;
				ORGANIZATIONNAME = "Jahn Bertsch";
				TargetAttributes = {
					17124BF217B8829C009FF841 = {
						DevelopmentTeam = 2AD47BTDQ6;
						SystemCapabilities = {
							com.apple.BackgroundModes = {
								enabled = 0;
							};
						};
					};
					171A39841805CB0E009FF8D5 = {
						TestTargetID = 17124BF217B8829C009FF841;
					};
					1768ED8C17E8820D00421E1F = {
						TestTargetID = 17124BF217B8829C009FF841;
					};
				};
			};
			buildConfigurationList = 17124BEE17B8829C009FF841 /* Build configuration list for PBXProject "Newspeak" */;
			compatibilityVersion = "Xcode 3.2";
			developmentRegion = English;
			hasScannedForEncodings = 0;
			knownRegions = (
				en,
			);
			mainGroup = 17124BEA17B8829C009FF841;
			productRefGroup = 17124BF417B8829C009FF841 /* Products */;
			projectDirPath = "";
			projectRoot = "";
			targets = (
				17124BF217B8829C009FF841 /* Newspeak */,
				1768ED8C17E8820D00421E1F /* UnitTests */,
				171A39841805CB0E009FF8D5 /* IntegrationTests */,
			);
		};
/* End PBXProject section */

/* Begin PBXResourcesBuildPhase section */
		17124BF117B8829C009FF841 /* Resources */ = {
			isa = PBXResourcesBuildPhase;
			buildActionMask = 2147483647;
			files = (
				17124C0117B8829C009FF841 /* InfoPlist.strings in Resources */,
				17124C0917B8829C009FF841 /* Default.png in Resources */,
				178290EC17EDCC02008ED357 /* Localizable.strings in Resources */,
				178290E617ECA0BF008ED357 /* Media.xcassets in Resources */,
				17124C0B17B8829C009FF841 /* Default@2x.png in Resources */,
				17124C0D17B8829C009FF841 /* Default-568h@2x.png in Resources */,
				17124C1317B8829C009FF841 /* MainStoryboard_iPad.storyboard in Resources */,
				178290EB17EDCC02008ED357 /* InterfaceBuilder.strings in Resources */,
				177802A217E97F7700276C99 /* README.md in Resources */,
				174D1F3817B88467009F7B79 /* Settings.bundle in Resources */,
				17BF6BD817B884D60048F675 /* MainStoryboard_iPhone.storyboard in Resources */,
			);
			runOnlyForDeploymentPostprocessing = 0;
		};
		171A39831805CB0E009FF8D5 /* Resources */ = {
			isa = PBXResourcesBuildPhase;
			buildActionMask = 2147483647;
			files = (
				171A398E1805CB0E009FF8D5 /* InfoPlist.strings in Resources */,
			);
			runOnlyForDeploymentPostprocessing = 0;
		};
		1768ED8B17E8820D00421E1F /* Resources */ = {
			isa = PBXResourcesBuildPhase;
			buildActionMask = 2147483647;
			files = (
				1768ED9717E8820D00421E1F /* InfoPlist.strings in Resources */,
			);
			runOnlyForDeploymentPostprocessing = 0;
		};
/* End PBXResourcesBuildPhase section */

/* Begin PBXShellScriptBuildPhase section */
		0356756B9E2741C89D5BA245 /* Check Pods Manifest.lock */ = {
			isa = PBXShellScriptBuildPhase;
			buildActionMask = 2147483647;
			files = (
			);
			inputPaths = (
			);
			name = "Check Pods Manifest.lock";
			outputPaths = (
			);
			runOnlyForDeploymentPostprocessing = 0;
			shellPath = /bin/sh;
			shellScript = "diff \"${PODS_ROOT}/../Podfile.lock\" \"${PODS_ROOT}/Manifest.lock\" > /dev/null\nif [[ $? != 0 ]] ; then\n    cat << EOM\nerror: The sandbox is not in sync with the Podfile.lock. Run 'pod install' or update your CocoaPods installation.\nEOM\n    exit 1\nfi\n";
			showEnvVarsInLog = 0;
		};
		2F2B75B1C26844089C03CA74 /* Check Pods Manifest.lock */ = {
			isa = PBXShellScriptBuildPhase;
			buildActionMask = 2147483647;
			files = (
			);
			inputPaths = (
			);
			name = "Check Pods Manifest.lock";
			outputPaths = (
			);
			runOnlyForDeploymentPostprocessing = 0;
			shellPath = /bin/sh;
			shellScript = "diff \"${PODS_ROOT}/../Podfile.lock\" \"${PODS_ROOT}/Manifest.lock\" > /dev/null\nif [[ $? != 0 ]] ; then\n    cat << EOM\nerror: The sandbox is not in sync with the Podfile.lock. Run 'pod install' or update your CocoaPods installation.\nEOM\n    exit 1\nfi\n";
			showEnvVarsInLog = 0;
		};
		7FCC4C077A9843CA93983EB9 /* Copy Pods Resources */ = {
			isa = PBXShellScriptBuildPhase;
			buildActionMask = 2147483647;
			files = (
			);
			inputPaths = (
			);
			name = "Copy Pods Resources";
			outputPaths = (
			);
			runOnlyForDeploymentPostprocessing = 0;
			shellPath = /bin/sh;
			shellScript = "\"${SRCROOT}/Pods/Pods-UnitTests-resources.sh\"\n";
			showEnvVarsInLog = 0;
		};
		B0A9A8D30A04408398A9AD28 /* Copy Pods Resources */ = {
			isa = PBXShellScriptBuildPhase;
			buildActionMask = 2147483647;
			files = (
			);
			inputPaths = (
			);
			name = "Copy Pods Resources";
			outputPaths = (
			);
			runOnlyForDeploymentPostprocessing = 0;
			shellPath = /bin/sh;
			shellScript = "\"${SRCROOT}/Pods/Pods-resources.sh\"\n";
			showEnvVarsInLog = 0;
		};
		DD7B02856615437DB0FC7B87 /* Check Pods Manifest.lock */ = {
			isa = PBXShellScriptBuildPhase;
			buildActionMask = 2147483647;
			files = (
			);
			inputPaths = (
			);
			name = "Check Pods Manifest.lock";
			outputPaths = (
			);
			runOnlyForDeploymentPostprocessing = 0;
			shellPath = /bin/sh;
			shellScript = "diff \"${PODS_ROOT}/../Podfile.lock\" \"${PODS_ROOT}/Manifest.lock\" > /dev/null\nif [[ $? != 0 ]] ; then\n    cat << EOM\nerror: The sandbox is not in sync with the Podfile.lock. Run 'pod install' or update your CocoaPods installation.\nEOM\n    exit 1\nfi\n";
			showEnvVarsInLog = 0;
		};
		EF2AA723AACF406B9CF24B29 /* Copy Pods Resources */ = {
			isa = PBXShellScriptBuildPhase;
			buildActionMask = 2147483647;
			files = (
			);
			inputPaths = (
			);
			name = "Copy Pods Resources";
			outputPaths = (
			);
			runOnlyForDeploymentPostprocessing = 0;
			shellPath = /bin/sh;
			shellScript = "\"${SRCROOT}/Pods/Pods-IntegrationTests-resources.sh\"\n";
			showEnvVarsInLog = 0;
		};
/* End PBXShellScriptBuildPhase section */

/* Begin PBXSourcesBuildPhase section */
		17124BEF17B8829C009FF841 /* Sources */ = {
			isa = PBXSourcesBuildPhase;
			buildActionMask = 2147483647;
			files = (
				17124C0317B8829C009FF841 /* main.m in Sources */,
				17124C0717B8829C009FF841 /* NPAppDelegate.m in Sources */,
				174D1F1017B88467009F7B79 /* NPComposeViewController.m in Sources */,
				174D1F1117B88467009F7B79 /* NPInitialViewController.m in Sources */,
				174D1F1217B88467009F7B79 /* NPMessageTableViewController.m in Sources */,
				174D1F1317B88467009F7B79 /* NPSettingsViewController.m in Sources */,
				174D1F1417B88467009F7B79 /* NPSidebarViewController.m in Sources */,
				174D1F1517B88467009F7B79 /* _NPDevice.m in Sources */,
				174D1F1617B88467009F7B79 /* _NPMessage.m in Sources */,
				174D1F1717B88467009F7B79 /* _NPToken.m in Sources */,
				174D1F1817B88467009F7B79 /* newspeak.xcdatamodeld in Sources */,
				174D1F1917B88467009F7B79 /* NPAPIClient.m in Sources */,
				174D1F1A17B88467009F7B79 /* NPCoreDataSingleton.m in Sources */,
				174D1F1B17B88467009F7B79 /* NPDevice.m in Sources */,
				174D1F1C17B88467009F7B79 /* NPIncrementalStore.m in Sources */,
				174D1F1D17B88467009F7B79 /* NPMessage.m in Sources */,
				174D1F1E17B88467009F7B79 /* NPToken.m in Sources */,
				174D1F3917B88467009F7B79 /* NPMessageCell.m in Sources */,
				174D1F3A17B88467009F7B79 /* UIColor+NPColor.m in Sources */,
			);
			runOnlyForDeploymentPostprocessing = 0;
		};
		171A39811805CB0E009FF8D5 /* Sources */ = {
			isa = PBXSourcesBuildPhase;
			buildActionMask = 2147483647;
			files = (
				171A39901805CB0E009FF8D5 /* AppSpec.m in Sources */,
			);
			runOnlyForDeploymentPostprocessing = 0;
		};
		1768ED8917E8820D00421E1F /* Sources */ = {
			isa = PBXSourcesBuildPhase;
			buildActionMask = 2147483647;
			files = (
				178E767C17E8896700F127CF /* NPCoreDataSingletonSpec.m in Sources */,
				1768EDA117E8826B00421E1F /* NPAppDelegateSpec.m in Sources */,
			);
			runOnlyForDeploymentPostprocessing = 0;
		};
/* End PBXSourcesBuildPhase section */

/* Begin PBXTargetDependency section */
		171A39931805CB0E009FF8D5 /* PBXTargetDependency */ = {
			isa = PBXTargetDependency;
			target = 17124BF217B8829C009FF841 /* Newspeak */;
			targetProxy = 171A39921805CB0E009FF8D5 /* PBXContainerItemProxy */;
		};
		1768ED9C17E8820D00421E1F /* PBXTargetDependency */ = {
			isa = PBXTargetDependency;
			target = 17124BF217B8829C009FF841 /* Newspeak */;
			targetProxy = 1768ED9B17E8820D00421E1F /* PBXContainerItemProxy */;
		};
/* End PBXTargetDependency section */

/* Begin PBXVariantGroup section */
		17124BFF17B8829C009FF841 /* InfoPlist.strings */ = {
			isa = PBXVariantGroup;
			children = (
				17124C0017B8829C009FF841 /* en */,
			);
			name = InfoPlist.strings;
			sourceTree = "<group>";
		};
		17124C1117B8829C009FF841 /* MainStoryboard_iPad.storyboard */ = {
			isa = PBXVariantGroup;
			children = (
				17124C1217B8829C009FF841 /* en */,
			);
			name = MainStoryboard_iPad.storyboard;
			sourceTree = "<group>";
		};
		171A398C1805CB0E009FF8D5 /* InfoPlist.strings */ = {
			isa = PBXVariantGroup;
			children = (
				171A398D1805CB0E009FF8D5 /* en */,
			);
			name = InfoPlist.strings;
			sourceTree = "<group>";
		};
		1768ED9517E8820D00421E1F /* InfoPlist.strings */ = {
			isa = PBXVariantGroup;
			children = (
				1768ED9617E8820D00421E1F /* en */,
			);
			name = InfoPlist.strings;
			sourceTree = "<group>";
		};
		178290E717EDCC02008ED357 /* InterfaceBuilder.strings */ = {
			isa = PBXVariantGroup;
			children = (
				178290E817EDCC02008ED357 /* en */,
			);
			name = InterfaceBuilder.strings;
			sourceTree = "<group>";
		};
		178290E917EDCC02008ED357 /* Localizable.strings */ = {
			isa = PBXVariantGroup;
			children = (
				178290EA17EDCC02008ED357 /* en */,
			);
			name = Localizable.strings;
			sourceTree = "<group>";
		};
		17BF6BD617B884D60048F675 /* MainStoryboard_iPhone.storyboard */ = {
			isa = PBXVariantGroup;
			children = (
				17BF6BD717B884D60048F675 /* en */,
			);
			name = MainStoryboard_iPhone.storyboard;
			sourceTree = "<group>";
		};
/* End PBXVariantGroup section */

/* Begin XCBuildConfiguration section */
		17124C1717B8829C009FF841 /* Debug */ = {
			isa = XCBuildConfiguration;
			buildSettings = {
				ALWAYS_SEARCH_USER_PATHS = NO;
				ARCHS = "$(ARCHS_STANDARD)";
				CLANG_CXX_LANGUAGE_STANDARD = "gnu++0x";
				CLANG_CXX_LIBRARY = "libc++";
				CLANG_ENABLE_OBJC_ARC = YES;
				CLANG_WARN_CONSTANT_CONVERSION = YES;
				CLANG_WARN_EMPTY_BODY = YES;
				CLANG_WARN_ENUM_CONVERSION = YES;
				CLANG_WARN_INT_CONVERSION = YES;
				CLANG_WARN__DUPLICATE_METHOD_MATCH = YES;
				"CODE_SIGN_IDENTITY[sdk=iphoneos*]" = "iPhone Developer";
				COPY_PHASE_STRIP = NO;
				GCC_C_LANGUAGE_STANDARD = gnu99;
				GCC_DYNAMIC_NO_PIC = NO;
				GCC_OPTIMIZATION_LEVEL = 0;
				GCC_PREPROCESSOR_DEFINITIONS = (
					"DEBUG=1",
					"$(inherited)",
				);
				GCC_SYMBOLS_PRIVATE_EXTERN = NO;
				GCC_WARN_ABOUT_RETURN_TYPE = YES;
				GCC_WARN_UNINITIALIZED_AUTOS = YES;
				GCC_WARN_UNUSED_VARIABLE = YES;
				IPHONEOS_DEPLOYMENT_TARGET = 6.1;
				ONLY_ACTIVE_ARCH = YES;
				SDKROOT = iphoneos;
				TARGETED_DEVICE_FAMILY = "1,2";
			};
			name = Debug;
		};
		17124C1817B8829C009FF841 /* Release */ = {
			isa = XCBuildConfiguration;
			buildSettings = {
				ALWAYS_SEARCH_USER_PATHS = NO;
				ARCHS = "$(ARCHS_STANDARD)";
				CLANG_CXX_LANGUAGE_STANDARD = "gnu++0x";
				CLANG_CXX_LIBRARY = "libc++";
				CLANG_ENABLE_OBJC_ARC = YES;
				CLANG_WARN_CONSTANT_CONVERSION = YES;
				CLANG_WARN_EMPTY_BODY = YES;
				CLANG_WARN_ENUM_CONVERSION = YES;
				CLANG_WARN_INT_CONVERSION = YES;
				CLANG_WARN__DUPLICATE_METHOD_MATCH = YES;
				"CODE_SIGN_IDENTITY[sdk=iphoneos*]" = "iPhone Developer";
				COPY_PHASE_STRIP = YES;
				GCC_C_LANGUAGE_STANDARD = gnu99;
				GCC_WARN_ABOUT_RETURN_TYPE = YES;
				GCC_WARN_UNINITIALIZED_AUTOS = YES;
				GCC_WARN_UNUSED_VARIABLE = YES;
				IPHONEOS_DEPLOYMENT_TARGET = 6.1;
				OTHER_CFLAGS = "-DNS_BLOCK_ASSERTIONS=1";
				SDKROOT = iphoneos;
				TARGETED_DEVICE_FAMILY = "1,2";
				VALIDATE_PRODUCT = YES;
			};
			name = Release;
		};
		17124C1A17B8829C009FF841 /* Debug */ = {
			isa = XCBuildConfiguration;
			baseConfigurationReference = 1CDC7CC1EAF7414D818EEE1F /* Pods.xcconfig */;
			buildSettings = {
				ARCHS = "$(ARCHS_STANDARD)";
				CODE_SIGN_IDENTITY = "iPhone Developer";
				"CODE_SIGN_IDENTITY[sdk=iphoneos*]" = "iPhone Developer";
				GCC_PRECOMPILE_PREFIX_HEADER = YES;
				GCC_PREFIX_HEADER = "Newspeak/Newspeak-Prefix.pch";
				GCC_PREPROCESSOR_DEFINITIONS = (
					"$(inherited)",
					"COCOAPODS=1",
				);
				INFOPLIST_FILE = "Newspeak/Newspeak-Info.plist";
				PRODUCT_NAME = "$(TARGET_NAME)";
				PROVISIONING_PROFILE = "";
				WRAPPER_EXTENSION = app;
			};
			name = Debug;
		};
		17124C1B17B8829C009FF841 /* Release */ = {
			isa = XCBuildConfiguration;
			baseConfigurationReference = 1CDC7CC1EAF7414D818EEE1F /* Pods.xcconfig */;
			buildSettings = {
				ARCHS = "$(ARCHS_STANDARD)";
				CODE_SIGN_IDENTITY = "iPhone Developer";
				"CODE_SIGN_IDENTITY[sdk=iphoneos*]" = "iPhone Developer";
				GCC_PRECOMPILE_PREFIX_HEADER = YES;
				GCC_PREFIX_HEADER = "Newspeak/Newspeak-Prefix.pch";
				GCC_PREPROCESSOR_DEFINITIONS = (
					"$(inherited)",
					"COCOAPODS=1",
				);
				INFOPLIST_FILE = "Newspeak/Newspeak-Info.plist";
				PRODUCT_NAME = "$(TARGET_NAME)";
				PROVISIONING_PROFILE = "";
				WRAPPER_EXTENSION = app;
			};
			name = Release;
		};
		171A39951805CB0E009FF8D5 /* Debug */ = {
			isa = XCBuildConfiguration;
			baseConfigurationReference = 584205D7A9AB42DCA1029D91 /* Pods-IntegrationTests.xcconfig */;
			buildSettings = {
				ARCHS = "$(ARCHS_STANDARD_INCLUDING_64_BIT)";
				BUNDLE_LOADER = "$(BUILT_PRODUCTS_DIR)/Newspeak.app/Newspeak";
				CLANG_ENABLE_MODULES = YES;
				CLANG_WARN_BOOL_CONVERSION = YES;
				CLANG_WARN_DIRECT_OBJC_ISA_USAGE = YES_ERROR;
				CLANG_WARN_OBJC_ROOT_CLASS = YES_ERROR;
				FRAMEWORK_SEARCH_PATHS = (
					"$(SDKROOT)/Developer/Library/Frameworks",
					"$(inherited)",
					"$(DEVELOPER_FRAMEWORKS_DIR)",
				);
				GCC_PRECOMPILE_PREFIX_HEADER = YES;
				GCC_PREFIX_HEADER = "IntegrationTests/IntegrationTests-Prefix.pch";
				GCC_PREPROCESSOR_DEFINITIONS = (
					"DEBUG=1",
					"$(inherited)",
				);
				GCC_WARN_64_TO_32_BIT_CONVERSION = YES;
				GCC_WARN_ABOUT_RETURN_TYPE = YES_ERROR;
				GCC_WARN_UNDECLARED_SELECTOR = YES;
				GCC_WARN_UNUSED_FUNCTION = YES;
				INFOPLIST_FILE = "IntegrationTests/IntegrationTests-Info.plist";
				IPHONEOS_DEPLOYMENT_TARGET = 7.0;
				PRODUCT_NAME = "$(TARGET_NAME)";
				TEST_HOST = "$(BUNDLE_LOADER)";
				WRAPPER_EXTENSION = xctest;
			};
			name = Debug;
		};
		171A39961805CB0E009FF8D5 /* Release */ = {
			isa = XCBuildConfiguration;
			baseConfigurationReference = 584205D7A9AB42DCA1029D91 /* Pods-IntegrationTests.xcconfig */;
			buildSettings = {
				ARCHS = "$(ARCHS_STANDARD_INCLUDING_64_BIT)";
				BUNDLE_LOADER = "$(BUILT_PRODUCTS_DIR)/Newspeak.app/Newspeak";
				CLANG_ENABLE_MODULES = YES;
				CLANG_WARN_BOOL_CONVERSION = YES;
				CLANG_WARN_DIRECT_OBJC_ISA_USAGE = YES_ERROR;
				CLANG_WARN_OBJC_ROOT_CLASS = YES_ERROR;
				ENABLE_NS_ASSERTIONS = NO;
				FRAMEWORK_SEARCH_PATHS = (
					"$(SDKROOT)/Developer/Library/Frameworks",
					"$(inherited)",
					"$(DEVELOPER_FRAMEWORKS_DIR)",
				);
				GCC_PRECOMPILE_PREFIX_HEADER = YES;
				GCC_PREFIX_HEADER = "IntegrationTests/IntegrationTests-Prefix.pch";
				GCC_WARN_64_TO_32_BIT_CONVERSION = YES;
				GCC_WARN_ABOUT_RETURN_TYPE = YES_ERROR;
				GCC_WARN_UNDECLARED_SELECTOR = YES;
				GCC_WARN_UNUSED_FUNCTION = YES;
				INFOPLIST_FILE = "IntegrationTests/IntegrationTests-Info.plist";
				IPHONEOS_DEPLOYMENT_TARGET = 7.0;
				PRODUCT_NAME = "$(TARGET_NAME)";
				TEST_HOST = "$(BUNDLE_LOADER)";
				WRAPPER_EXTENSION = xctest;
			};
			name = Release;
		};
		1768ED9D17E8820D00421E1F /* Debug */ = {
			isa = XCBuildConfiguration;
			baseConfigurationReference = 1F0BCE02063E49A2916A7A71 /* Pods-UnitTests.xcconfig */;
			buildSettings = {
				ARCHS = "$(ARCHS_STANDARD)";
				BUNDLE_LOADER = "$(BUILT_PRODUCTS_DIR)/Newspeak.app/Newspeak";
				CLANG_ENABLE_MODULES = YES;
				CLANG_WARN_BOOL_CONVERSION = YES;
				CLANG_WARN_DIRECT_OBJC_ISA_USAGE = YES_ERROR;
				CLANG_WARN_OBJC_ROOT_CLASS = YES_ERROR;
				FRAMEWORK_SEARCH_PATHS = (
					"$(SDKROOT)/Developer/Library/Frameworks",
					"$(inherited)",
					"$(DEVELOPER_FRAMEWORKS_DIR)",
				);
				GCC_PRECOMPILE_PREFIX_HEADER = YES;
				GCC_PREFIX_HEADER = "UnitTests/UnitTests-Prefix.pch";
				GCC_PREPROCESSOR_DEFINITIONS = (
					"DEBUG=1",
					"$(inherited)",
				);
				GCC_WARN_64_TO_32_BIT_CONVERSION = YES;
				GCC_WARN_ABOUT_RETURN_TYPE = YES_ERROR;
				GCC_WARN_UNDECLARED_SELECTOR = YES;
				GCC_WARN_UNUSED_FUNCTION = YES;
				INFOPLIST_FILE = "UnitTests/UnitTests-Info.plist";
				IPHONEOS_DEPLOYMENT_TARGET = 7.0;
				PRODUCT_NAME = "$(TARGET_NAME)";
				TEST_HOST = "$(BUNDLE_LOADER)";
				WRAPPER_EXTENSION = xctest;
			};
			name = Debug;
		};
		1768ED9E17E8820D00421E1F /* Release */ = {
			isa = XCBuildConfiguration;
			baseConfigurationReference = 1F0BCE02063E49A2916A7A71 /* Pods-UnitTests.xcconfig */;
			buildSettings = {
				ARCHS = "$(ARCHS_STANDARD)";
				BUNDLE_LOADER = "$(BUILT_PRODUCTS_DIR)/Newspeak.app/Newspeak";
				CLANG_ENABLE_MODULES = YES;
				CLANG_WARN_BOOL_CONVERSION = YES;
				CLANG_WARN_DIRECT_OBJC_ISA_USAGE = YES_ERROR;
				CLANG_WARN_OBJC_ROOT_CLASS = YES_ERROR;
				ENABLE_NS_ASSERTIONS = NO;
				FRAMEWORK_SEARCH_PATHS = (
					"$(SDKROOT)/Developer/Library/Frameworks",
					"$(inherited)",
					"$(DEVELOPER_FRAMEWORKS_DIR)",
				);
				GCC_PRECOMPILE_PREFIX_HEADER = YES;
				GCC_PREFIX_HEADER = "UnitTests/UnitTests-Prefix.pch";
				GCC_WARN_64_TO_32_BIT_CONVERSION = YES;
				GCC_WARN_ABOUT_RETURN_TYPE = YES_ERROR;
				GCC_WARN_UNDECLARED_SELECTOR = YES;
				GCC_WARN_UNUSED_FUNCTION = YES;
				INFOPLIST_FILE = "UnitTests/UnitTests-Info.plist";
				IPHONEOS_DEPLOYMENT_TARGET = 7.0;
				PRODUCT_NAME = "$(TARGET_NAME)";
				TEST_HOST = "$(BUNDLE_LOADER)";
				WRAPPER_EXTENSION = xctest;
			};
			name = Release;
		};
/* End XCBuildConfiguration section */

/* Begin XCConfigurationList section */
		17124BEE17B8829C009FF841 /* Build configuration list for PBXProject "Newspeak" */ = {
			isa = XCConfigurationList;
			buildConfigurations = (
				17124C1717B8829C009FF841 /* Debug */,
				17124C1817B8829C009FF841 /* Release */,
			);
			defaultConfigurationIsVisible = 0;
			defaultConfigurationName = Release;
		};
		17124C1917B8829C009FF841 /* Build configuration list for PBXNativeTarget "Newspeak" */ = {
			isa = XCConfigurationList;
			buildConfigurations = (
				17124C1A17B8829C009FF841 /* Debug */,
				17124C1B17B8829C009FF841 /* Release */,
			);
			defaultConfigurationIsVisible = 0;
			defaultConfigurationName = Release;
		};
		171A39941805CB0E009FF8D5 /* Build configuration list for PBXNativeTarget "IntegrationTests" */ = {
			isa = XCConfigurationList;
			buildConfigurations = (
				171A39951805CB0E009FF8D5 /* Debug */,
				171A39961805CB0E009FF8D5 /* Release */,
			);
			defaultConfigurationIsVisible = 0;
			defaultConfigurationName = Release;
		};
		1768ED9F17E8820D00421E1F /* Build configuration list for PBXNativeTarget "UnitTests" */ = {
			isa = XCConfigurationList;
			buildConfigurations = (
				1768ED9D17E8820D00421E1F /* Debug */,
				1768ED9E17E8820D00421E1F /* Release */,
			);
			defaultConfigurationIsVisible = 0;
			defaultConfigurationName = Release;
		};
/* End XCConfigurationList section */

/* Begin XCVersionGroup section */
		174D1EDB17B88467009F7B79 /* newspeak.xcdatamodeld */ = {
			isa = XCVersionGroup;
			children = (
				174D1EDC17B88467009F7B79 /* newspeak.xcdatamodel */,
			);
			currentVersion = 174D1EDC17B88467009F7B79 /* newspeak.xcdatamodel */;
			path = newspeak.xcdatamodeld;
			sourceTree = "<group>";
			versionGroupType = wrapper.xcdatamodel;
		};
/* End XCVersionGroup section */
	};
	rootObject = 17124BEB17B8829C009FF841 /* Project object */;
}
